
Microsoft Visual Studio Solution File, Format Version 12.00
# Visual Studio Version 16
VisualStudioVersion = 16.0.810.21
MinimumVisualStudioVersion = 10.0.40219.1
Project("{FAE04EC0-301F-11D3-BF4B-00C04F79EFBC}") = "EmployeeAdding", "EmployeeAdding\EmployeeAdding.csproj", "{54CF74B1-5092-4FA8-9C35-A2777B6062FB}"
EndProject
Project("{FAE04EC0-301F-11D3-BF4B-00C04F79EFBC}") = "ClassLibrary", "..\ClassLibrary\ClassLibrary.csproj", "{23925633-80CF-4317-9D53-AB40B4B3D857}"
EndProject
Global
	GlobalSection(SolutionConfigurationPlatforms) = preSolution
		Debug|Any CPU = Debug|Any CPU
		Release|Any CPU = Release|Any CPU
	EndGlobalSection
	GlobalSection(ProjectConfigurationPlatforms) = postSolution
		{54CF74B1-5092-4FA8-9C35-A2777B6062FB}.Debug|Any CPU.ActiveCfg = Debug|Any CPU
		{54CF74B1-5092-4FA8-9C35-A2777B6062FB}.Debug|Any CPU.Build.0 = Debug|Any CPU
		{54CF74B1-5092-4FA8-9C35-A2777B6062FB}.Release|Any CPU.ActiveCfg = Release|Any CPU
		{54CF74B1-5092-4FA8-9C35-A2777B6062FB}.Release|Any CPU.Build.0 = Release|Any CPU
		{23925633-80CF-4317-9D53-AB40B4B3D857}.Debug|Any CPU.ActiveCfg = Debug|Any CPU
		{23925633-80CF-4317-9D53-AB40B4B3D857}.Debug|Any CPU.Build.0 = Debug|Any CPU
		{23925633-80CF-4317-9D53-AB40B4B3D857}.Release|Any CPU.ActiveCfg = Release|Any CPU
		{23925633-80CF-4317-9D53-AB40B4B3D857}.Release|Any CPU.Build.0 = Release|Any CPU
	EndGlobalSection
	GlobalSection(SolutionProperties) = preSolution
		HideSolutionNode = FALSE
	EndGlobalSection
	GlobalSection(ExtensibilityGlobals) = postSolution
		SolutionGuid = {7351A20A-B58B-41CF-86B7-1F7112AA0CAC}
	EndGlobalSection
EndGlobal
